// !$*UTF8*$!
{
	archiveVersion = 1;
	classes = {
	};
	objectVersion = 46;
	objects = {

/* Begin PBXBuildFile section */
		EBABAE641A5B1F6F00082190 /* AppDelegate.swift in Sources */ = {isa = PBXBuildFile; fileRef = EBABAE631A5B1F6F00082190 /* AppDelegate.swift */; };
		EBABAE661A5B1F6F00082190 /* ViewController.swift in Sources */ = {isa = PBXBuildFile; fileRef = EBABAE651A5B1F6F00082190 /* ViewController.swift */; };
		EBABAE691A5B1F6F00082190 /* Main.storyboard in Resources */ = {isa = PBXBuildFile; fileRef = EBABAE671A5B1F6F00082190 /* Main.storyboard */; };
		EBABAE6B1A5B1F6F00082190 /* Images.xcassets in Resources */ = {isa = PBXBuildFile; fileRef = EBABAE6A1A5B1F6F00082190 /* Images.xcassets */; };
		EBABAE6E1A5B1F6F00082190 /* LaunchScreen.xib in Resources */ = {isa = PBXBuildFile; fileRef = EBABAE6C1A5B1F6F00082190 /* LaunchScreen.xib */; };
		EBABAE7A1A5B1F6F00082190 /* PostcardAgainTests.swift in Sources */ = {isa = PBXBuildFile; fileRef = EBABAE791A5B1F6F00082190 /* PostcardAgainTests.swift */; };
		EBABAE841A5B2E7000082190 /* AlbertEinsteinStamp.jpg in Resources */ = {isa = PBXBuildFile; fileRef = EBABAE831A5B2E7000082190 /* AlbertEinsteinStamp.jpg */; };
		EBABAE861A5B2E7A00082190 /* SagradaFamilia.jpeg in Resources */ = {isa = PBXBuildFile; fileRef = EBABAE851A5B2E7A00082190 /* SagradaFamilia.jpeg */; };
/* End PBXBuildFile section */

/* Begin PBXContainerItemProxy section */
		EBABAE741A5B1F6F00082190 /* PBXContainerItemProxy */ = {
			isa = PBXContainerItemProxy;
			containerPortal = EBABAE561A5B1F6E00082190 /* Project object */;
			proxyType = 1;
			remoteGlobalIDString = EBABAE5D1A5B1F6E00082190;
			remoteInfo = PostcardAgain;
		};
/* End PBXContainerItemProxy section */

/* Begin PBXFileReference section */
		EBABAE5E1A5B1F6F00082190 /* PostcardAgain.app */ = {isa = PBXFileReference; explicitFileType = wrapper.application; includeInIndex = 0; path = PostcardAgain.app; sourceTree = BUILT_PRODUCTS_DIR; };
		EBABAE621A5B1F6F00082190 /* Info.plist */ = {isa = PBXFileReference; lastKnownFileType = text.plist.xml; path = Info.plist; sourceTree = "<group>"; };
		EBABAE631A5B1F6F00082190 /* AppDelegate.swift */ = {isa = PBXFileReference; lastKnownFileType = sourcecode.swift; path = AppDelegate.swift; sourceTree = "<group>"; };
		EBABAE651A5B1F6F00082190 /* ViewController.swift */ = {isa = PBXFileReference; lastKnownFileType = sourcecode.swift; path = ViewController.swift; sourceTree = "<group>"; };
		EBABAE681A5B1F6F00082190 /* Base */ = {isa = PBXFileReference; lastKnownFileType = file.storyboard; name = Base; path = Base.lproj/Main.storyboard; sourceTree = "<group>"; };
		EBABAE6A1A5B1F6F00082190 /* Images.xcassets */ = {isa = PBXFileReference; lastKnownFileType = folder.assetcatalog; path = Images.xcassets; sourceTree = "<group>"; };
		EBABAE6D1A5B1F6F00082190 /* Base */ = {isa = PBXFileReference; lastKnownFileType = file.xib; name = Base; path = Base.lproj/LaunchScreen.xib; sourceTree = "<group>"; };
		EBABAE731A5B1F6F00082190 /* PostcardAgainTests.xctest */ = {isa = PBXFileReference; explicitFileType = wrapper.cfbundle; includeInIndex = 0; path = PostcardAgainTests.xctest; sourceTree = BUILT_PRODUCTS_DIR; };
		EBABAE781A5B1F6F00082190 /* Info.plist */ = {isa = PBXFileReference; lastKnownFileType = text.plist.xml; path = Info.plist; sourceTree = "<group>"; };
		EBABAE791A5B1F6F00082190 /* PostcardAgainTests.swift */ = {isa = PBXFileReference; lastKnownFileType = sourcecode.swift; path = PostcardAgainTests.swift; sourceTree = "<group>"; };
		EBABAE831A5B2E7000082190 /* AlbertEinsteinStamp.jpg */ = {isa = PBXFileReference; lastKnownFileType = image.jpeg; path = AlbertEinsteinStamp.jpg; sourceTree = "<group>"; };
		EBABAE851A5B2E7A00082190 /* SagradaFamilia.jpeg */ = {isa = PBXFileReference; lastKnownFileType = image.jpeg; path = SagradaFamilia.jpeg; sourceTree = "<group>"; };
/* End PBXFileReference section */

/* Begin PBXFrameworksBuildPhase section */
		EBABAE5B1A5B1F6E00082190 /* Frameworks */ = {
			isa = PBXFrameworksBuildPhase;
			buildActionMask = 2147483647;
			files = (
			);
			runOnlyForDeploymentPostprocessing = 0;
		};
		EBABAE701A5B1F6F00082190 /* Frameworks */ = {
			isa = PBXFrameworksBuildPhase;
			buildActionMask = 2147483647;
			files = (
			);
			runOnlyForDeploymentPostprocessing = 0;
		};
/* End PBXFrameworksBuildPhase section */

/* Begin PBXGroup section */
		EBABAE551A5B1F6E00082190 = {
			isa = PBXGroup;
			children = (
				EBABAE601A5B1F6F00082190 /* PostcardAgain */,
				EBABAE761A5B1F6F00082190 /* PostcardAgainTests */,
				EBABAE5F1A5B1F6F00082190 /* Products */,
			);
			sourceTree = "<group>";
		};
		EBABAE5F1A5B1F6F00082190 /* Products */ = {
			isa = PBXGroup;
			children = (
				EBABAE5E1A5B1F6F00082190 /* PostcardAgain.app */,
				EBABAE731A5B1F6F00082190 /* PostcardAgainTests.xctest */,
			);
			name = Products;
			sourceTree = "<group>";
		};
		EBABAE601A5B1F6F00082190 /* PostcardAgain */ = {
			isa = PBXGroup;
			children = (
				EBABAE631A5B1F6F00082190 /* AppDelegate.swift */,
				EBABAE651A5B1F6F00082190 /* ViewController.swift */,
				EBABAE671A5B1F6F00082190 /* Main.storyboard */,
				EBABAE6A1A5B1F6F00082190 /* Images.xcassets */,
				EBABAE6C1A5B1F6F00082190 /* LaunchScreen.xib */,
				EBABAE611A5B1F6F00082190 /* Supporting Files */,
			);
			path = PostcardAgain;
			sourceTree = "<group>";
		};
		EBABAE611A5B1F6F00082190 /* Supporting Files */ = {
			isa = PBXGroup;
			children = (
				EBABAE851A5B2E7A00082190 /* SagradaFamilia.jpeg */,
				EBABAE831A5B2E7000082190 /* AlbertEinsteinStamp.jpg */,
				EBABAE621A5B1F6F00082190 /* Info.plist */,
			);
			name = "Supporting Files";
			sourceTree = "<group>";
		};
		EBABAE761A5B1F6F00082190 /* PostcardAgainTests */ = {
			isa = PBXGroup;
			children = (
				EBABAE791A5B1F6F00082190 /* PostcardAgainTests.swift */,
				EBABAE771A5B1F6F00082190 /* Supporting Files */,
			);
			path = PostcardAgainTests;
			sourceTree = "<group>";
		};
		EBABAE771A5B1F6F00082190 /* Supporting Files */ = {
			isa = PBXGroup;
			children = (
				EBABAE781A5B1F6F00082190 /* Info.plist */,
			);
			name = "Supporting Files";
			sourceTree = "<group>";
		};
/* End PBXGroup section */

/* Begin PBXNativeTarget section */
		EBABAE5D1A5B1F6E00082190 /* PostcardAgain */ = {
			isa = PBXNativeTarget;
			buildConfigurationList = EBABAE7D1A5B1F6F00082190 /* Build configuration list for PBXNativeTarget "PostcardAgain" */;
			buildPhases = (
				EBABAE5A1A5B1F6E00082190 /* Sources */,
				EBABAE5B1A5B1F6E00082190 /* Frameworks */,
				EBABAE5C1A5B1F6E00082190 /* Resources */,
			);
			buildRules = (
			);
			dependencies = (
			);
			name = PostcardAgain;
			productName = PostcardAgain;
			productReference = EBABAE5E1A5B1F6F00082190 /* PostcardAgain.app */;
			productType = "com.apple.product-type.application";
		};
		EBABAE721A5B1F6F00082190 /* PostcardAgainTests */ = {
			isa = PBXNativeTarget;
			buildConfigurationList = EBABAE801A5B1F6F00082190 /* Build configuration list for PBXNativeTarget "PostcardAgainTests" */;
			buildPhases = (
				EBABAE6F1A5B1F6F00082190 /* Sources */,
				EBABAE701A5B1F6F00082190 /* Frameworks */,
				EBABAE711A5B1F6F00082190 /* Resources */,
			);
			buildRules = (
			);
			dependencies = (
				EBABAE751A5B1F6F00082190 /* PBXTargetDependency */,
			);
			name = PostcardAgainTests;
			productName = PostcardAgainTests;
			productReference = EBABAE731A5B1F6F00082190 /* PostcardAgainTests.xctest */;
			productType = "com.apple.product-type.bundle.unit-test";
		};
/* End PBXNativeTarget section */

/* Begin PBXProject section */
		EBABAE561A5B1F6E00082190 /* Project object */ = {
			isa = PBXProject;
			attributes = {
				LastUpgradeCheck = 0610;
				ORGANIZATIONNAME = "Quicken Loans, Inc";
				TargetAttributes = {
					EBABAE5D1A5B1F6E00082190 = {
						CreatedOnToolsVersion = 6.1.1;
					};
					EBABAE721A5B1F6F00082190 = {
						CreatedOnToolsVersion = 6.1.1;
						TestTargetID = EBABAE5D1A5B1F6E00082190;
					};
				};
			};
			buildConfigurationList = EBABAE591A5B1F6E00082190 /* Build configuration list for PBXProject "PostcardAgain" */;
			compatibilityVersion = "Xcode 3.2";
			developmentRegion = English;
			hasScannedForEncodings = 0;
			knownRegions = (
				en,
				Base,
			);
			mainGroup = EBABAE551A5B1F6E00082190;
			productRefGroup = EBABAE5F1A5B1F6F00082190 /* Products */;
			projectDirPath = "";
			projectRoot = "";
			targets = (
				EBABAE5D1A5B1F6E00082190 /* PostcardAgain */,
				EBABAE721A5B1F6F00082190 /* PostcardAgainTests */,
			);
		};
/* End PBXProject section */

/* Begin PBXResourcesBuildPhase section */
		EBABAE5C1A5B1F6E00082190 /* Resources */ = {
			isa = PBXResourcesBuildPhase;
			buildActionMask = 2147483647;
			files = (
				EBABAE841A5B2E7000082190 /* AlbertEinsteinStamp.jpg in Resources */,
				EBABAE691A5B1F6F00082190 /* Main.storyboard in Resources */,
				EBABAE6E1A5B1F6F00082190 /* LaunchScreen.xib in Resources */,
				EBABAE6B1A5B1F6F00082190 /* Images.xcassets in Resources */,
				EBABAE861A5B2E7A00082190 /* SagradaFamilia.jpeg in Resources */,
			);
			runOnlyForDeploymentPostprocessing = 0;
		};
		EBABAE711A5B1F6F00082190 /* Resources */ = {
			isa = PBXResourcesBuildPhase;
			buildActionMask = 2147483647;
			files = (
			);
			runOnlyForDeploymentPostprocessing = 0;
		};
/* End PBXResourcesBuildPhase section */

/* Begin PBXSourcesBuildPhase section */
		EBABAE5A1A5B1F6E00082190 /* Sources */ = {
			isa = PBXSourcesBuildPhase;
			buildActionMask = 2147483647;
			files = (
				EBABAE661A5B1F6F00082190 /* ViewController.swift in Sources */,
				EBABAE641A5B1F6F00082190 /* AppDelegate.swift in Sources */,
			);
			runOnlyForDeploymentPostprocessing = 0;
		};
		EBABAE6F1A5B1F6F00082190 /* Sources */ = {
			isa = PBXSourcesBuildPhase;
			buildActionMask = 2147483647;
			files = (
				EBABAE7A1A5B1F6F00082190 /* PostcardAgainTests.swift in Sources */,
			);
			runOnlyForDeploymentPostprocessing = 0;
		};
/* End PBXSourcesBuildPhase section */

/* Begin PBXTargetDependency section */
		EBABAE751A5B1F6F00082190 /* PBXTargetDependency */ = {
			isa = PBXTargetDependency;
			target = EBABAE5D1A5B1F6E00082190 /* PostcardAgain */;
			targetProxy = EBABAE741A5B1F6F00082190 /* PBXContainerItemProxy */;
		};
/* End PBXTargetDependency section */

/* Begin PBXVariantGroup section */
		EBABAE671A5B1F6F00082190 /* Main.storyboard */ = {
			isa = PBXVariantGroup;
			children = (
				EBABAE681A5B1F6F00082190 /* Base */,
			);
			name = Main.storyboard;
			sourceTree = "<group>";
		};
		EBABAE6C1A5B1F6F00082190 /* LaunchScreen.xib */ = {
			isa = PBXVariantGroup;
			children = (
				EBABAE6D1A5B1F6F00082190 /* Base */,
			);
			name = LaunchScreen.xib;
			sourceTree = "<group>";
		};
/* End PBXVariantGroup section */

/* Begin XCBuildConfiguration section */
		EBABAE7B1A5B1F6F00082190 /* Debug */ = {
			isa = XCBuildConfiguration;
			buildSettings = {
				ALWAYS_SEARCH_USER_PATHS = NO;
				CLANG_CXX_LANGUAGE_STANDARD = "gnu++0x";
				CLANG_CXX_LIBRARY = "libc++";
				CLANG_ENABLE_MODULES = YES;
				CLANG_ENABLE_OBJC_ARC = YES;
				CLANG_WARN_BOOL_CONVERSION = YES;
				CLANG_WARN_CONSTANT_CONVERSION = YES;
				CLANG_WARN_DIRECT_OBJC_ISA_USAGE = YES_ERROR;
				CLANG_WARN_EMPTY_BODY = YES;
				CLANG_WARN_ENUM_CONVERSION = YES;
				CLANG_WARN_INT_CONVERSION = YES;
				CLANG_WARN_OBJC_ROOT_CLASS = YES_ERROR;
				CLANG_WARN_UNREACHABLE_CODE = YES;
				CLANG_WARN__DUPLICATE_METHOD_MATCH = YES;
				"CODE_SIGN_IDENTITY[sdk=iphoneos*]" = "iPhone Developer";
				COPY_PHASE_STRIP = NO;
				ENABLE_STRICT_OBJC_MSGSEND = YES;
				GCC_C_LANGUAGE_STANDARD = gnu99;
				GCC_DYNAMIC_NO_PIC = NO;
				GCC_OPTIMIZATION_LEVEL = 0;
				GCC_PREPROCESSOR_DEFINITIONS = (
					"DEBUG=1",
					"$(inherited)",
				);
				GCC_SYMBOLS_PRIVATE_EXTERN = NO;
				GCC_WARN_64_TO_32_BIT_CONVERSION = YES;
				GCC_WARN_ABOUT_RETURN_TYPE = YES_ERROR;
				GCC_WARN_UNDECLARED_SELECTOR = YES;
				GCC_WARN_UNINITIALIZED_AUTOS = YES_AGGRESSIVE;
				GCC_WARN_UNUSED_FUNCTION = YES;
				GCC_WARN_UNUSED_VARIABLE = YES;
				IPHONEOS_DEPLOYMENT_TARGET = 8.1;
				MTL_ENABLE_DEBUG_INFO = YES;
				ONLY_ACTIVE_ARCH = YES;
				SDKROOT = iphoneos;
				SWIFT_OPTIMIZATION_LEVEL = "-Onone";
			};
			name = Debug;
		};
		EBABAE7C1A5B1F6F00082190 /* Release */ = {
			isa = XCBuildConfiguration;
			buildSettings = {
				ALWAYS_SEARCH_USER_PATHS = NO;
				CLANG_CXX_LANGUAGE_STANDARD = "gnu++0x";
				CLANG_CXX_LIBRARY = "libc++";
				CLANG_ENABLE_MODULES = YES;
				CLANG_ENABLE_OBJC_ARC = YES;
				CLANG_WARN_BOOL_CONVERSION = YES;
				CLANG_WARN_CONSTANT_CONVERSION = YES;
				CLANG_WARN_DIRECT_OBJC_ISA_USAGE = YES_ERROR;
				CLANG_WARN_EMPTY_BODY = YES;
				CLANG_WARN_ENUM_CONVERSION = YES;
				CLANG_WARN_INT_CONVERSION = YES;
				CLANG_WARN_OBJC_ROOT_CLASS = YES_ERROR;
				CLANG_WARN_UNREACHABLE_CODE = YES;
				CLANG_WARN__DUPLICATE_METHOD_MATCH = YES;
				"CODE_SIGN_IDENTITY[sdk=iphoneos*]" = "iPhone Developer";
				COPY_PHASE_STRIP = YES;
				ENABLE_NS_ASSERTIONS = NO;
				ENABLE_STRICT_OBJC_MSGSEND = YES;
				GCC_C_LANGUAGE_STANDARD = gnu99;
				GCC_WARN_64_TO_32_BIT_CONVERSION = YES;
				GCC_WARN_ABOUT_RETURN_TYPE = YES_ERROR;
				GCC_WARN_UNDECLARED_SELECTOR = YES;
				GCC_WARN_UNINITIALIZED_AUTOS = YES_AGGRESSIVE;
				GCC_WARN_UNUSED_FUNCTION = YES;
				GCC_WARN_UNUSED_VARIABLE = YES;
				IPHONEOS_DEPLOYMENT_TARGET = 8.1;
				MTL_ENABLE_DEBUG_INFO = NO;
				SDKROOT = iphoneos;
				VALIDATE_PRODUCT = YES;
			};
			name = Release;
		};
		EBABAE7E1A5B1F6F00082190 /* Debug */ = {
			isa = XCBuildConfiguration;
			buildSettings = {
				ASSETCATALOG_COMPILER_APPICON_NAME = AppIcon;
				CODE_SIGN_IDENTITY = "iPhone Developer";
				INFOPLIST_FILE = PostcardAgain/Info.plist;
				LD_RUNPATH_SEARCH_PATHS = "$(inherited) @executable_path/Frameworks";
				PRODUCT_NAME = "$(TARGET_NAME)";
			};
			name = Debug;
		};
		EBABAE7F1A5B1F6F00082190 /* Release */ = {
			isa = XCBuildConfiguration;
			buildSettings = {
				ASSETCATALOG_COMPILER_APPICON_NAME = AppIcon;
				CODE_SIGN_IDENTITY = "iPhone Developer";
				INFOPLIST_FILE = PostcardAgain/Info.plist;
				LD_RUNPATH_SEARCH_PATHS = "$(inherited) @executable_path/Frameworks";
				PRODUCT_NAME = "$(TARGET_NAME)";
			};
			name = Release;
		};
		EBABAE811A5B1F6F00082190 /* Debug */ = {
			isa = XCBuildConfiguration;
			buildSettings = {
				BUNDLE_LOADER = "$(TEST_HOST)";
				FRAMEWORK_SEARCH_PATHS = (
					"$(SDKROOT)/Developer/Library/Frameworks",
					"$(inherited)",
				);
				GCC_PREPROCESSOR_DEFINITIONS = (
					"DEBUG=1",
					"$(inherited)",
				);
				INFOPLIST_FILE = PostcardAgainTests/Info.plist;
				LD_RUNPATH_SEARCH_PATHS = "$(inherited) @executable_path/Frameworks @loader_path/Frameworks";
				PRODUCT_NAME = "$(TARGET_NAME)";
				TEST_HOST = "$(BUILT_PRODUCTS_DIR)/PostcardAgain.app/PostcardAgain";
			};
			name = Debug;
		};
		EBABAE821A5B1F6F00082190 /* Release */ = {
			isa = XCBuildConfiguration;
			buildSettings = {
				BUNDLE_LOADER = "$(TEST_HOST)";
				FRAMEWORK_SEARCH_PATHS = (
					"$(SDKROOT)/Developer/Library/Frameworks",
					"$(inherited)",
				);
				INFOPLIST_FILE = PostcardAgainTests/Info.plist;
				LD_RUNPATH_SEARCH_PATHS = "$(inherited) @executable_path/Frameworks @loader_path/Frameworks";
				PRODUCT_NAME = "$(TARGET_NAME)";
				TEST_HOST = "$(BUILT_PRODUCTS_DIR)/PostcardAgain.app/PostcardAgain";
			};
			name = Release;
		};
/* End XCBuildConfiguration section */

/* Begin XCConfigurationList section */
		EBABAE591A5B1F6E00082190 /* Build configuration list for PBXProject "PostcardAgain" */ = {
			isa = XCConfigurationList;
			buildConfigurations = (
				EBABAE7B1A5B1F6F00082190 /* Debug */,
				EBABAE7C1A5B1F6F00082190 /* Release */,
			);
			defaultConfigurationIsVisible = 0;
			defaultConfigurationName = Release;
		};
		EBABAE7D1A5B1F6F00082190 /* Build configuration list for PBXNativeTarget "PostcardAgain" */ = {
			isa = XCConfigurationList;
			buildConfigurations = (
				EBABAE7E1A5B1F6F00082190 /* Debug */,
				EBABAE7F1A5B1F6F00082190 /* Release */,
			);
			defaultConfigurationIsVisible = 0;
		};
		EBABAE801A5B1F6F00082190 /* Build configuration list for PBXNativeTarget "PostcardAgainTests" */ = {
			isa = XCConfigurationList;
			buildConfigurations = (
				EBABAE811A5B1F6F00082190 /* Debug */,
				EBABAE821A5B1F6F00082190 /* Release */,
			);
			defaultConfigurationIsVisible = 0;
		};
/* End XCConfigurationList section */
	};
	rootObject = EBABAE561A5B1F6E00082190 /* Project object */;
}
